
Microsoft Visual Studio Solution File, Format Version 12.00
# Visual Studio Version 16
VisualStudioVersion = 16.0.30320.27
MinimumVisualStudioVersion = 10.0.40219.1
Project("{FAE04EC0-301F-11D3-BF4B-00C04F79EFBC}") = "API_Pets", "API_Pets\API_Pets.csproj", "{6CE5D638-E924-4388-ADB9-419A7119D408}"
EndProject
Global
	GlobalSection(SolutionConfigurationPlatforms) = preSolution
		Debug|Any CPU = Debug|Any CPU
		Release|Any CPU = Release|Any CPU
	EndGlobalSection
	GlobalSection(ProjectConfigurationPlatforms) = postSolution
		{6CE5D638-E924-4388-ADB9-419A7119D408}.Debug|Any CPU.ActiveCfg = Debug|Any CPU
		{6CE5D638-E924-4388-ADB9-419A7119D408}.Debug|Any CPU.Build.0 = Debug|Any CPU
		{6CE5D638-E924-4388-ADB9-419A7119D408}.Release|Any CPU.ActiveCfg = Release|Any CPU
		{6CE5D638-E924-4388-ADB9-419A7119D408}.Release|Any CPU.Build.0 = Release|Any CPU
	EndGlobalSection
	GlobalSection(SolutionProperties) = preSolution
		HideSolutionNode = FALSE
	EndGlobalSection
	GlobalSection(ExtensibilityGlobals) = postSolution
		SolutionGuid = {AAFBFA73-C433-43F7-BC45-39B8E184D5D5}
	EndGlobalSection
EndGlobal
